
Microsoft Visual Studio Solution File, Format Version 12.00
# Visual Studio Version 16
VisualStudioVersion = 16.0.33328.57
MinimumVisualStudioVersion = 10.0.40219.1
Project("{FAE04EC0-301F-11D3-BF4B-00C04F79EFBC}") = "WebDauGiaGiaNguoc", "WebDauGiaGiaNguoc.csproj", "{F59B978D-CB41-4766-804B-4B88D9C930BA}"
EndProject
Global
	GlobalSection(SolutionConfigurationPlatforms) = preSolution
		Debug|Any CPU = Debug|Any CPU
		Release|Any CPU = Release|Any CPU
	EndGlobalSection
	GlobalSection(ProjectConfigurationPlatforms) = postSolution
		{F59B978D-CB41-4766-804B-4B88D9C930BA}.Debug|Any CPU.ActiveCfg = Debug|Any CPU
		{F59B978D-CB41-4766-804B-4B88D9C930BA}.Debug|Any CPU.Build.0 = Debug|Any CPU
		{F59B978D-CB41-4766-804B-4B88D9C930BA}.Release|Any CPU.ActiveCfg = Release|Any CPU
		{F59B978D-CB41-4766-804B-4B88D9C930BA}.Release|Any CPU.Build.0 = Release|Any CPU
	EndGlobalSection
	GlobalSection(SolutionProperties) = preSolution
		HideSolutionNode = FALSE
	EndGlobalSection
	GlobalSection(ExtensibilityGlobals) = postSolution
		SolutionGuid = {BB625E1A-E4D7-4AAE-A0CA-5DF761259FD5}
	EndGlobalSection
EndGlobal
